Microsoft Visual Studio Solution File, Format Version 12.00
# Visual Studio Version 17
VisualStudioVersion = 17.5.2.0
MinimumVisualStudioVersion = 10.0.40219.1
Project("{FAE04EC0-301F-11D3-BF4B-00C04F79EFBC}") = "SafetySentinel", "SafetySentinel\SafetySentinel.csproj", "{6EF1507C-BFC4-B0A8-8546-93BAC89BE8CD}"
EndProject
Global
	GlobalSection(SolutionConfigurationPlatforms) = preSolution
		Debug|Any CPU = Debug|Any CPU
		Release|Any CPU = Release|Any CPU
	EndGlobalSection
	GlobalSection(ProjectConfigurationPlatforms) = postSolution
		{6EF1507C-BFC4-B0A8-8546-93BAC89BE8CD}.Debug|Any CPU.ActiveCfg = Debug|Any CPU
		{6EF1507C-BFC4-B0A8-8546-93BAC89BE8CD}.Debug|Any CPU.Build.0 = Debug|Any CPU
		{6EF1507C-BFC4-B0A8-8546-93BAC89BE8CD}.Release|Any CPU.ActiveCfg = Release|Any CPU
		{6EF1507C-BFC4-B0A8-8546-93BAC89BE8CD}.Release|Any CPU.Build.0 = Release|Any CPU
	EndGlobalSection
	GlobalSection(SolutionProperties) = preSolution
		HideSolutionNode = FALSE
	EndGlobalSection
	GlobalSection(ExtensibilityGlobals) = postSolution
		SolutionGuid = {E197F68C-1601-4F10-9E03-8471D49DCE49}
	EndGlobalSection
EndGlobal
